// !$*UTF8*$!
{
	archiveVersion = 1;
	classes = {
	};
	objectVersion = 55;
	objects = {

/* Begin PBXBuildFile section */
		1787F444FEFFEB83F293A1BE /* Pods_Movies.framework in Frameworks */ = {isa = PBXBuildFile; fileRef = 1E014E4344B065E23C1DB9E9 /* Pods_Movies.framework */; };
		275391BF297BC58D00DA7A45 /* AppDelegate.swift in Sources */ = {isa = PBXBuildFile; fileRef = 275391BE297BC58D00DA7A45 /* AppDelegate.swift */; };
		275391C1297BC58D00DA7A45 /* SceneDelegate.swift in Sources */ = {isa = PBXBuildFile; fileRef = 275391C0297BC58D00DA7A45 /* SceneDelegate.swift */; };
		275391C3297BC58D00DA7A45 /* ViewController.swift in Sources */ = {isa = PBXBuildFile; fileRef = 275391C2297BC58D00DA7A45 /* ViewController.swift */; };
		275391C6297BC58D00DA7A45 /* Main.storyboard in Resources */ = {isa = PBXBuildFile; fileRef = 275391C4297BC58D00DA7A45 /* Main.storyboard */; };
		275391C8297BC58E00DA7A45 /* Assets.xcassets in Resources */ = {isa = PBXBuildFile; fileRef = 275391C7297BC58E00DA7A45 /* Assets.xcassets */; };
		275391CB297BC58E00DA7A45 /* LaunchScreen.storyboard in Resources */ = {isa = PBXBuildFile; fileRef = 275391C9297BC58E00DA7A45 /* LaunchScreen.storyboard */; };
		275391D6297BC58F00DA7A45 /* MoviesTests.swift in Sources */ = {isa = PBXBuildFile; fileRef = 275391D5297BC58F00DA7A45 /* MoviesTests.swift */; };
		275391E0297BC58F00DA7A45 /* MoviesUITests.swift in Sources */ = {isa = PBXBuildFile; fileRef = 275391DF297BC58F00DA7A45 /* MoviesUITests.swift */; };
		275391E2297BC58F00DA7A45 /* MoviesUITestsLaunchTests.swift in Sources */ = {isa = PBXBuildFile; fileRef = 275391E1297BC58F00DA7A45 /* MoviesUITestsLaunchTests.swift */; };
		350FFA35B7893FB192B8FC5C /* Pods_Movies_MoviesUITests.framework in Frameworks */ = {isa = PBXBuildFile; fileRef = 4C03708188107D565A8F4233 /* Pods_Movies_MoviesUITests.framework */; };
		3E272CF4CD8100759B24032A /* Pods_MoviesTests.framework in Frameworks */ = {isa = PBXBuildFile; fileRef = BADD1FFB050EDE8479E5F46B /* Pods_MoviesTests.framework */; };
/* End PBXBuildFile section */

/* Begin PBXContainerItemProxy section */
		275391D2297BC58F00DA7A45 /* PBXContainerItemProxy */ = {
			isa = PBXContainerItemProxy;
			containerPortal = 275391B3297BC58D00DA7A45 /* Project object */;
			proxyType = 1;
			remoteGlobalIDString = 275391BA297BC58D00DA7A45;
			remoteInfo = Movies;
		};
		275391DC297BC58F00DA7A45 /* PBXContainerItemProxy */ = {
			isa = PBXContainerItemProxy;
			containerPortal = 275391B3297BC58D00DA7A45 /* Project object */;
			proxyType = 1;
			remoteGlobalIDString = 275391BA297BC58D00DA7A45;
			remoteInfo = Movies;
		};
/* End PBXContainerItemProxy section */

/* Begin PBXFileReference section */
		1E014E4344B065E23C1DB9E9 /* Pods_Movies.framework */ = {isa = PBXFileReference; explicitFileType = wrapper.framework; includeInIndex = 0; path = Pods_Movies.framework; sourceTree = BUILT_PRODUCTS_DIR; };
		275391BB297BC58D00DA7A45 /* Movies.app */ = {isa = PBXFileReference; explicitFileType = wrapper.application; includeInIndex = 0; path = Movies.app; sourceTree = BUILT_PRODUCTS_DIR; };
		275391BE297BC58D00DA7A45 /* AppDelegate.swift */ = {isa = PBXFileReference; lastKnownFileType = sourcecode.swift; path = AppDelegate.swift; sourceTree = "<group>"; };
		275391C0297BC58D00DA7A45 /* SceneDelegate.swift */ = {isa = PBXFileReference; lastKnownFileType = sourcecode.swift; path = SceneDelegate.swift; sourceTree = "<group>"; };
		275391C2297BC58D00DA7A45 /* ViewController.swift */ = {isa = PBXFileReference; lastKnownFileType = sourcecode.swift; path = ViewController.swift; sourceTree = "<group>"; };
		275391C5297BC58D00DA7A45 /* Base */ = {isa = PBXFileReference; lastKnownFileType = file.storyboard; name = Base; path = Base.lproj/Main.storyboard; sourceTree = "<group>"; };
		275391C7297BC58E00DA7A45 /* Assets.xcassets */ = {isa = PBXFileReference; lastKnownFileType = folder.assetcatalog; path = Assets.xcassets; sourceTree = "<group>"; };
		275391CA297BC58E00DA7A45 /* Base */ = {isa = PBXFileReference; lastKnownFileType = file.storyboard; name = Base; path = Base.lproj/LaunchScreen.storyboard; sourceTree = "<group>"; };
		275391CC297BC58E00DA7A45 /* Info.plist */ = {isa = PBXFileReference; lastKnownFileType = text.plist.xml; path = Info.plist; sourceTree = "<group>"; };
		275391D1297BC58F00DA7A45 /* MoviesTests.xctest */ = {isa = PBXFileReference; explicitFileType = wrapper.cfbundle; includeInIndex = 0; path = MoviesTests.xctest; sourceTree = BUILT_PRODUCTS_DIR; };
		275391D5297BC58F00DA7A45 /* MoviesTests.swift */ = {isa = PBXFileReference; lastKnownFileType = sourcecode.swift; path = MoviesTests.swift; sourceTree = "<group>"; };
		275391DB297BC58F00DA7A45 /* MoviesUITests.xctest */ = {isa = PBXFileReference; explicitFileType = wrapper.cfbundle; includeInIndex = 0; path = MoviesUITests.xctest; sourceTree = BUILT_PRODUCTS_DIR; };
		275391DF297BC58F00DA7A45 /* MoviesUITests.swift */ = {isa = PBXFileReference; lastKnownFileType = sourcecode.swift; path = MoviesUITests.swift; sourceTree = "<group>"; };
		275391E1297BC58F00DA7A45 /* MoviesUITestsLaunchTests.swift */ = {isa = PBXFileReference; lastKnownFileType = sourcecode.swift; path = MoviesUITestsLaunchTests.swift; sourceTree = "<group>"; };
		49C541CC3D79AA9DD8778667 /* Pods-Movies-MoviesUITests.debug.xcconfig */ = {isa = PBXFileReference; includeInIndex = 1; lastKnownFileType = text.xcconfig; name = "Pods-Movies-MoviesUITests.debug.xcconfig"; path = "Target Support Files/Pods-Movies-MoviesUITests/Pods-Movies-MoviesUITests.debug.xcconfig"; sourceTree = "<group>"; };
		4C03708188107D565A8F4233 /* Pods_Movies_MoviesUITests.framework */ = {isa = PBXFileReference; explicitFileType = wrapper.framework; includeInIndex = 0; path = Pods_Movies_MoviesUITests.framework; sourceTree = BUILT_PRODUCTS_DIR; };
		5480B2D1934E8F20EAFC175F /* Pods-Movies.debug.xcconfig */ = {isa = PBXFileReference; includeInIndex = 1; lastKnownFileType = text.xcconfig; name = "Pods-Movies.debug.xcconfig"; path = "Target Support Files/Pods-Movies/Pods-Movies.debug.xcconfig"; sourceTree = "<group>"; };
		570C1B36ACFAEECBA6433D1A /* Pods-MoviesTests.debug.xcconfig */ = {isa = PBXFileReference; includeInIndex = 1; lastKnownFileType = text.xcconfig; name = "Pods-MoviesTests.debug.xcconfig"; path = "Target Support Files/Pods-MoviesTests/Pods-MoviesTests.debug.xcconfig"; sourceTree = "<group>"; };
		750DA7233F319C4A04518C29 /* Pods-Movies.release.xcconfig */ = {isa = PBXFileReference; includeInIndex = 1; lastKnownFileType = text.xcconfig; name = "Pods-Movies.release.xcconfig"; path = "Target Support Files/Pods-Movies/Pods-Movies.release.xcconfig"; sourceTree = "<group>"; };
		8B6ED5489C99C5CF5A6F4FE8 /* Pods-Movies-MoviesUITests.release.xcconfig */ = {isa = PBXFileReference; includeInIndex = 1; lastKnownFileType = text.xcconfig; name = "Pods-Movies-MoviesUITests.release.xcconfig"; path = "Target Support Files/Pods-Movies-MoviesUITests/Pods-Movies-MoviesUITests.release.xcconfig"; sourceTree = "<group>"; };
		BADD1FFB050EDE8479E5F46B /* Pods_MoviesTests.framework */ = {isa = PBXFileReference; explicitFileType = wrapper.framework; includeInIndex = 0; path = Pods_MoviesTests.framework; sourceTree = BUILT_PRODUCTS_DIR; };
		C5DB840744F0037EC5B0E368 /* Pods-MoviesTests.release.xcconfig */ = {isa = PBXFileReference; includeInIndex = 1; lastKnownFileType = text.xcconfig; name = "Pods-MoviesTests.release.xcconfig"; path = "Target Support Files/Pods-MoviesTests/Pods-MoviesTests.release.xcconfig"; sourceTree = "<group>"; };
/* End PBXFileReference section */

/* Begin PBXFrameworksBuildPhase section */
		275391B8297BC58D00DA7A45 /* Frameworks */ = {
			isa = PBXFrameworksBuildPhase;
			buildActionMask = 2147483647;
			files = (
				1787F444FEFFEB83F293A1BE /* Pods_Movies.framework in Frameworks */,
			);
			runOnlyForDeploymentPostprocessing = 0;
		};
		275391CE297BC58F00DA7A45 /* Frameworks */ = {
			isa = PBXFrameworksBuildPhase;
			buildActionMask = 2147483647;
			files = (
				3E272CF4CD8100759B24032A /* Pods_MoviesTests.framework in Frameworks */,
			);
			runOnlyForDeploymentPostprocessing = 0;
		};
		275391D8297BC58F00DA7A45 /* Frameworks */ = {
			isa = PBXFrameworksBuildPhase;
			buildActionMask = 2147483647;
			files = (
				350FFA35B7893FB192B8FC5C /* Pods_Movies_MoviesUITests.framework in Frameworks */,
			);
			runOnlyForDeploymentPostprocessing = 0;
		};
/* End PBXFrameworksBuildPhase section */

/* Begin PBXGroup section */
		275391B2297BC58D00DA7A45 = {
			isa = PBXGroup;
			children = (
				275391BD297BC58D00DA7A45 /* Movies */,
				275391D4297BC58F00DA7A45 /* MoviesTests */,
				275391DE297BC58F00DA7A45 /* MoviesUITests */,
				275391BC297BC58D00DA7A45 /* Products */,
				8CD7C137EC7C3E57157FA573 /* Pods */,
				8D280948A1CFBFEF4C8285CA /* Frameworks */,
			);
			sourceTree = "<group>";
		};
		275391BC297BC58D00DA7A45 /* Products */ = {
			isa = PBXGroup;
			children = (
				275391BB297BC58D00DA7A45 /* Movies.app */,
				275391D1297BC58F00DA7A45 /* MoviesTests.xctest */,
				275391DB297BC58F00DA7A45 /* MoviesUITests.xctest */,
			);
			name = Products;
			sourceTree = "<group>";
		};
		275391BD297BC58D00DA7A45 /* Movies */ = {
			isa = PBXGroup;
			children = (
				275391BE297BC58D00DA7A45 /* AppDelegate.swift */,
				275391C0297BC58D00DA7A45 /* SceneDelegate.swift */,
				275391C2297BC58D00DA7A45 /* ViewController.swift */,
				275391C4297BC58D00DA7A45 /* Main.storyboard */,
				275391C7297BC58E00DA7A45 /* Assets.xcassets */,
				275391C9297BC58E00DA7A45 /* LaunchScreen.storyboard */,
				275391CC297BC58E00DA7A45 /* Info.plist */,
			);
			path = Movies;
			sourceTree = "<group>";
		};
		275391D4297BC58F00DA7A45 /* MoviesTests */ = {
			isa = PBXGroup;
			children = (
				275391D5297BC58F00DA7A45 /* MoviesTests.swift */,
			);
			path = MoviesTests;
			sourceTree = "<group>";
		};
		275391DE297BC58F00DA7A45 /* MoviesUITests */ = {
			isa = PBXGroup;
			children = (
				275391DF297BC58F00DA7A45 /* MoviesUITests.swift */,
				275391E1297BC58F00DA7A45 /* MoviesUITestsLaunchTests.swift */,
			);
			path = MoviesUITests;
			sourceTree = "<group>";
		};
		8CD7C137EC7C3E57157FA573 /* Pods */ = {
			isa = PBXGroup;
			children = (
				5480B2D1934E8F20EAFC175F /* Pods-Movies.debug.xcconfig */,
				750DA7233F319C4A04518C29 /* Pods-Movies.release.xcconfig */,
				49C541CC3D79AA9DD8778667 /* Pods-Movies-MoviesUITests.debug.xcconfig */,
				8B6ED5489C99C5CF5A6F4FE8 /* Pods-Movies-MoviesUITests.release.xcconfig */,
				570C1B36ACFAEECBA6433D1A /* Pods-MoviesTests.debug.xcconfig */,
				C5DB840744F0037EC5B0E368 /* Pods-MoviesTests.release.xcconfig */,
			);
			name = Pods;
			path = Pods;
			sourceTree = "<group>";
		};
		8D280948A1CFBFEF4C8285CA /* Frameworks */ = {
			isa = PBXGroup;
			children = (
				1E014E4344B065E23C1DB9E9 /* Pods_Movies.framework */,
				4C03708188107D565A8F4233 /* Pods_Movies_MoviesUITests.framework */,
				BADD1FFB050EDE8479E5F46B /* Pods_MoviesTests.framework */,
			);
			name = Frameworks;
			sourceTree = "<group>";
		};
/* End PBXGroup section */

/* Begin PBXNativeTarget section */
		275391BA297BC58D00DA7A45 /* Movies */ = {
			isa = PBXNativeTarget;
			buildConfigurationList = 275391E5297BC58F00DA7A45 /* Build configuration list for PBXNativeTarget "Movies" */;
			buildPhases = (
				9636F405F15CAF2964AD4418 /* [CP] Check Pods Manifest.lock */,
				275391B7297BC58D00DA7A45 /* Sources */,
				275391B8297BC58D00DA7A45 /* Frameworks */,
				275391B9297BC58D00DA7A45 /* Resources */,
			);
			buildRules = (
			);
			dependencies = (
			);
			name = Movies;
			productName = Movies;
			productReference = 275391BB297BC58D00DA7A45 /* Movies.app */;
			productType = "com.apple.product-type.application";
		};
		275391D0297BC58F00DA7A45 /* MoviesTests */ = {
			isa = PBXNativeTarget;
			buildConfigurationList = 275391E8297BC58F00DA7A45 /* Build configuration list for PBXNativeTarget "MoviesTests" */;
			buildPhases = (
				17D1008EC81903DFF0B154F9 /* [CP] Check Pods Manifest.lock */,
				275391CD297BC58F00DA7A45 /* Sources */,
				275391CE297BC58F00DA7A45 /* Frameworks */,
				275391CF297BC58F00DA7A45 /* Resources */,
			);
			buildRules = (
			);
			dependencies = (
				275391D3297BC58F00DA7A45 /* PBXTargetDependency */,
			);
			name = MoviesTests;
			productName = MoviesTests;
			productReference = 275391D1297BC58F00DA7A45 /* MoviesTests.xctest */;
			productType = "com.apple.product-type.bundle.unit-test";
		};
		275391DA297BC58F00DA7A45 /* MoviesUITests */ = {
			isa = PBXNativeTarget;
			buildConfigurationList = 275391EB297BC58F00DA7A45 /* Build configuration list for PBXNativeTarget "MoviesUITests" */;
			buildPhases = (
				817871F33958C548072ABFA0 /* [CP] Check Pods Manifest.lock */,
				275391D7297BC58F00DA7A45 /* Sources */,
				275391D8297BC58F00DA7A45 /* Frameworks */,
				275391D9297BC58F00DA7A45 /* Resources */,
			);
			buildRules = (
			);
			dependencies = (
				275391DD297BC58F00DA7A45 /* PBXTargetDependency */,
			);
			name = MoviesUITests;
			productName = MoviesUITests;
			productReference = 275391DB297BC58F00DA7A45 /* MoviesUITests.xctest */;
			productType = "com.apple.product-type.bundle.ui-testing";
		};
/* End PBXNativeTarget section */

/* Begin PBXProject section */
		275391B3297BC58D00DA7A45 /* Project object */ = {
			isa = PBXProject;
			attributes = {
				BuildIndependentTargetsInParallel = 1;
				LastSwiftUpdateCheck = 1340;
				LastUpgradeCheck = 1340;
				TargetAttributes = {
					275391BA297BC58D00DA7A45 = {
						CreatedOnToolsVersion = 13.4.1;
					};
					275391D0297BC58F00DA7A45 = {
						CreatedOnToolsVersion = 13.4.1;
						TestTargetID = 275391BA297BC58D00DA7A45;
					};
					275391DA297BC58F00DA7A45 = {
						CreatedOnToolsVersion = 13.4.1;
						TestTargetID = 275391BA297BC58D00DA7A45;
					};
				};
			};
			buildConfigurationList = 275391B6297BC58D00DA7A45 /* Build configuration list for PBXProject "Movies" */;
			compatibilityVersion = "Xcode 13.0";
			developmentRegion = en;
			hasScannedForEncodings = 0;
			knownRegions = (
				en,
				Base,
			);
			mainGroup = 275391B2297BC58D00DA7A45;
			productRefGroup = 275391BC297BC58D00DA7A45 /* Products */;
			projectDirPath = "";
			projectRoot = "";
			targets = (
				275391BA297BC58D00DA7A45 /* Movies */,
				275391D0297BC58F00DA7A45 /* MoviesTests */,
				275391DA297BC58F00DA7A45 /* MoviesUITests */,
			);
		};
/* End PBXProject section */

/* Begin PBXResourcesBuildPhase section */
		275391B9297BC58D00DA7A45 /* Resources */ = {
			isa = PBXResourcesBuildPhase;
			buildActionMask = 2147483647;
			files = (
				275391CB297BC58E00DA7A45 /* LaunchScreen.storyboard in Resources */,
				275391C8297BC58E00DA7A45 /* Assets.xcassets in Resources */,
				275391C6297BC58D00DA7A45 /* Main.storyboard in Resources */,
			);
			runOnlyForDeploymentPostprocessing = 0;
		};
		275391CF297BC58F00DA7A45 /* Resources */ = {
			isa = PBXResourcesBuildPhase;
			buildActionMask = 2147483647;
			files = (
			);
			runOnlyForDeploymentPostprocessing = 0;
		};
		275391D9297BC58F00DA7A45 /* Resources */ = {
			isa = PBXResourcesBuildPhase;
			buildActionMask = 2147483647;
			files = (
			);
			runOnlyForDeploymentPostprocessing = 0;
		};
/* End PBXResourcesBuildPhase section */

/* Begin PBXShellScriptBuildPhase section */
		17D1008EC81903DFF0B154F9 /* [CP] Check Pods Manifest.lock */ = {
			isa = PBXShellScriptBuildPhase;
			buildActionMask = 2147483647;
			files = (
			);
			inputFileListPaths = (
			);
			inputPaths = (
				"${PODS_PODFILE_DIR_PATH}/Podfile.lock",
				"${PODS_ROOT}/Manifest.lock",
			);
			name = "[CP] Check Pods Manifest.lock";
			outputFileListPaths = (
			);
			outputPaths = (
				"$(DERIVED_FILE_DIR)/Pods-MoviesTests-checkManifestLockResult.txt",
			);
			runOnlyForDeploymentPostprocessing = 0;
			shellPath = /bin/sh;
			shellScript = "diff \"${PODS_PODFILE_DIR_PATH}/Podfile.lock\" \"${PODS_ROOT}/Manifest.lock\" > /dev/null\nif [ $? != 0 ] ; then\n    # print error to STDERR\n    echo \"error: The sandbox is not in sync with the Podfile.lock. Run 'pod install' or update your CocoaPods installation.\" >&2\n    exit 1\nfi\n# This output is used by Xcode 'outputs' to avoid re-running this script phase.\necho \"SUCCESS\" > \"${SCRIPT_OUTPUT_FILE_0}\"\n";
			showEnvVarsInLog = 0;
		};
		817871F33958C548072ABFA0 /* [CP] Check Pods Manifest.lock */ = {
			isa = PBXShellScriptBuildPhase;
			buildActionMask = 2147483647;
			files = (
			);
			inputFileListPaths = (
			);
			inputPaths = (
				"${PODS_PODFILE_DIR_PATH}/Podfile.lock",
				"${PODS_ROOT}/Manifest.lock",
			);
			name = "[CP] Check Pods Manifest.lock";
			outputFileListPaths = (
			);
			outputPaths = (
				"$(DERIVED_FILE_DIR)/Pods-Movies-MoviesUITests-checkManifestLockResult.txt",
			);
			runOnlyForDeploymentPostprocessing = 0;
			shellPath = /bin/sh;
			shellScript = "diff \"${PODS_PODFILE_DIR_PATH}/Podfile.lock\" \"${PODS_ROOT}/Manifest.lock\" > /dev/null\nif [ $? != 0 ] ; then\n    # print error to STDERR\n    echo \"error: The sandbox is not in sync with the Podfile.lock. Run 'pod install' or update your CocoaPods installation.\" >&2\n    exit 1\nfi\n# This output is used by Xcode 'outputs' to avoid re-running this script phase.\necho \"SUCCESS\" > \"${SCRIPT_OUTPUT_FILE_0}\"\n";
			showEnvVarsInLog = 0;
		};
		9636F405F15CAF2964AD4418 /* [CP] Check Pods Manifest.lock */ = {
			isa = PBXShellScriptBuildPhase;
			buildActionMask = 2147483647;
			files = (
			);
			inputFileListPaths = (
			);
			inputPaths = (
				"${PODS_PODFILE_DIR_PATH}/Podfile.lock",
				"${PODS_ROOT}/Manifest.lock",
			);
			name = "[CP] Check Pods Manifest.lock";
			outputFileListPaths = (
			);
			outputPaths = (
				"$(DERIVED_FILE_DIR)/Pods-Movies-checkManifestLockResult.txt",
			);
			runOnlyForDeploymentPostprocessing = 0;
			shellPath = /bin/sh;
			shellScript = "diff \"${PODS_PODFILE_DIR_PATH}/Podfile.lock\" \"${PODS_ROOT}/Manifest.lock\" > /dev/null\nif [ $? != 0 ] ; then\n    # print error to STDERR\n    echo \"error: The sandbox is not in sync with the Podfile.lock. Run 'pod install' or update your CocoaPods installation.\" >&2\n    exit 1\nfi\n# This output is used by Xcode 'outputs' to avoid re-running this script phase.\necho \"SUCCESS\" > \"${SCRIPT_OUTPUT_FILE_0}\"\n";
			showEnvVarsInLog = 0;
		};
/* End PBXShellScriptBuildPhase section */

/* Begin PBXSourcesBuildPhase section */
		275391B7297BC58D00DA7A45 /* Sources */ = {
			isa = PBXSourcesBuildPhase;
			buildActionMask = 2147483647;
			files = (
				275391C3297BC58D00DA7A45 /* ViewController.swift in Sources */,
				275391BF297BC58D00DA7A45 /* AppDelegate.swift in Sources */,
				275391C1297BC58D00DA7A45 /* SceneDelegate.swift in Sources */,
			);
			runOnlyForDeploymentPostprocessing = 0;
		};
		275391CD297BC58F00DA7A45 /* Sources */ = {
			isa = PBXSourcesBuildPhase;
			buildActionMask = 2147483647;
			files = (
				275391D6297BC58F00DA7A45 /* MoviesTests.swift in Sources */,
			);
			runOnlyForDeploymentPostprocessing = 0;
		};
		275391D7297BC58F00DA7A45 /* Sources */ = {
			isa = PBXSourcesBuildPhase;
			buildActionMask = 2147483647;
			files = (
				275391E0297BC58F00DA7A45 /* MoviesUITests.swift in Sources */,
				275391E2297BC58F00DA7A45 /* MoviesUITestsLaunchTests.swift in Sources */,
			);
			runOnlyForDeploymentPostprocessing = 0;
		};
/* End PBXSourcesBuildPhase section */

/* Begin PBXTargetDependency section */
		275391D3297BC58F00DA7A45 /* PBXTargetDependency */ = {
			isa = PBXTargetDependency;
			target = 275391BA297BC58D00DA7A45 /* Movies */;
			targetProxy = 275391D2297BC58F00DA7A45 /* PBXContainerItemProxy */;
		};
		275391DD297BC58F00DA7A45 /* PBXTargetDependency */ = {
			isa = PBXTargetDependency;
			target = 275391BA297BC58D00DA7A45 /* Movies */;
			targetProxy = 275391DC297BC58F00DA7A45 /* PBXContainerItemProxy */;
		};
/* End PBXTargetDependency section */

/* Begin PBXVariantGroup section */
		275391C4297BC58D00DA7A45 /* Main.storyboard */ = {
			isa = PBXVariantGroup;
			children = (
				275391C5297BC58D00DA7A45 /* Base */,
			);
			name = Main.storyboard;
			sourceTree = "<group>";
		};
		275391C9297BC58E00DA7A45 /* LaunchScreen.storyboard */ = {
			isa = PBXVariantGroup;
			children = (
				275391CA297BC58E00DA7A45 /* Base */,
			);
			name = LaunchScreen.storyboard;
			sourceTree = "<group>";
		};
/* End PBXVariantGroup section */

/* Begin XCBuildConfiguration section */
		275391E3297BC58F00DA7A45 /* Debug */ = {
			isa = XCBuildConfiguration;
			buildSettings = {
				ALWAYS_SEARCH_USER_PATHS = NO;
				CLANG_ANALYZER_NONNULL = YES;
				CLANG_ANALYZER_NUMBER_OBJECT_CONVERSION = YES_AGGRESSIVE;
				CLANG_CXX_LANGUAGE_STANDARD = "gnu++17";
				CLANG_ENABLE_MODULES = YES;
				CLANG_ENABLE_OBJC_ARC = YES;
				CLANG_ENABLE_OBJC_WEAK = YES;
				CLANG_WARN_BLOCK_CAPTURE_AUTORELEASING = YES;
				CLANG_WARN_BOOL_CONVERSION = YES;
				CLANG_WARN_COMMA = YES;
				CLANG_WARN_CONSTANT_CONVERSION = YES;
				CLANG_WARN_DEPRECATED_OBJC_IMPLEMENTATIONS = YES;
				CLANG_WARN_DIRECT_OBJC_ISA_USAGE = YES_ERROR;
				CLANG_WARN_DOCUMENTATION_COMMENTS = YES;
				CLANG_WARN_EMPTY_BODY = YES;
				CLANG_WARN_ENUM_CONVERSION = YES;
				CLANG_WARN_INFINITE_RECURSION = YES;
				CLANG_WARN_INT_CONVERSION = YES;
				CLANG_WARN_NON_LITERAL_NULL_CONVERSION = YES;
				CLANG_WARN_OBJC_IMPLICIT_RETAIN_SELF = YES;
				CLANG_WARN_OBJC_LITERAL_CONVERSION = YES;
				CLANG_WARN_OBJC_ROOT_CLASS = YES_ERROR;
				CLANG_WARN_QUOTED_INCLUDE_IN_FRAMEWORK_HEADER = YES;
				CLANG_WARN_RANGE_LOOP_ANALYSIS = YES;
				CLANG_WARN_STRICT_PROTOTYPES = YES;
				CLANG_WARN_SUSPICIOUS_MOVE = YES;
				CLANG_WARN_UNGUARDED_AVAILABILITY = YES_AGGRESSIVE;
				CLANG_WARN_UNREACHABLE_CODE = YES;
				CLANG_WARN__DUPLICATE_METHOD_MATCH = YES;
				COPY_PHASE_STRIP = NO;
				DEBUG_INFORMATION_FORMAT = dwarf;
				ENABLE_STRICT_OBJC_MSGSEND = YES;
				ENABLE_TESTABILITY = YES;
				GCC_C_LANGUAGE_STANDARD = gnu11;
				GCC_DYNAMIC_NO_PIC = NO;
				GCC_NO_COMMON_BLOCKS = YES;
				GCC_OPTIMIZATION_LEVEL = 0;
				GCC_PREPROCESSOR_DEFINITIONS = (
					"DEBUG=1",
					"$(inherited)",
				);
				GCC_WARN_64_TO_32_BIT_CONVERSION = YES;
				GCC_WARN_ABOUT_RETURN_TYPE = YES_ERROR;
				GCC_WARN_UNDECLARED_SELECTOR = YES;
				GCC_WARN_UNINITIALIZED_AUTOS = YES_AGGRESSIVE;
				GCC_WARN_UNUSED_FUNCTION = YES;
				GCC_WARN_UNUSED_VARIABLE = YES;
				IPHONEOS_DEPLOYMENT_TARGET = 15.5;
				MTL_ENABLE_DEBUG_INFO = INCLUDE_SOURCE;
				MTL_FAST_MATH = YES;
				ONLY_ACTIVE_ARCH = YES;
				SDKROOT = iphoneos;
				SWIFT_ACTIVE_COMPILATION_CONDITIONS = DEBUG;
				SWIFT_OPTIMIZATION_LEVEL = "-Onone";
			};
			name = Debug;
		};
		275391E4297BC58F00DA7A45 /* Release */ = {
			isa = XCBuildConfiguration;
			buildSettings = {
				ALWAYS_SEARCH_USER_PATHS = NO;
				CLANG_ANALYZER_NONNULL = YES;
				CLANG_ANALYZER_NUMBER_OBJECT_CONVERSION = YES_AGGRESSIVE;
				CLANG_CXX_LANGUAGE_STANDARD = "gnu++17";
				CLANG_ENABLE_MODULES = YES;
				CLANG_ENABLE_OBJC_ARC = YES;
				CLANG_ENABLE_OBJC_WEAK = YES;
				CLANG_WARN_BLOCK_CAPTURE_AUTORELEASING = YES;
				CLANG_WARN_BOOL_CONVERSION = YES;
				CLANG_WARN_COMMA = YES;
				CLANG_WARN_CONSTANT_CONVERSION = YES;
				CLANG_WARN_DEPRECATED_OBJC_IMPLEMENTATIONS = YES;
				CLANG_WARN_DIRECT_OBJC_ISA_USAGE = YES_ERROR;
				CLANG_WARN_DOCUMENTATION_COMMENTS = YES;
				CLANG_WARN_EMPTY_BODY = YES;
				CLANG_WARN_ENUM_CONVERSION = YES;
				CLANG_WARN_INFINITE_RECURSION = YES;
				CLANG_WARN_INT_CONVERSION = YES;
				CLANG_WARN_NON_LITERAL_NULL_CONVERSION = YES;
				CLANG_WARN_OBJC_IMPLICIT_RETAIN_SELF = YES;
				CLANG_WARN_OBJC_LITERAL_CONVERSION = YES;
				CLANG_WARN_OBJC_ROOT_CLASS = YES_ERROR;
				CLANG_WARN_QUOTED_INCLUDE_IN_FRAMEWORK_HEADER = YES;
				CLANG_WARN_RANGE_LOOP_ANALYSIS = YES;
				CLANG_WARN_STRICT_PROTOTYPES = YES;
				CLANG_WARN_SUSPICIOUS_MOVE = YES;
				CLANG_WARN_UNGUARDED_AVAILABILITY = YES_AGGRESSIVE;
				CLANG_WARN_UNREACHABLE_CODE = YES;
				CLANG_WARN__DUPLICATE_METHOD_MATCH = YES;
				COPY_PHASE_STRIP = NO;
				DEBUG_INFORMATION_FORMAT = "dwarf-with-dsym";
				ENABLE_NS_ASSERTIONS = NO;
				ENABLE_STRICT_OBJC_MSGSEND = YES;
				GCC_C_LANGUAGE_STANDARD = gnu11;
				GCC_NO_COMMON_BLOCKS = YES;
				GCC_WARN_64_TO_32_BIT_CONVERSION = YES;
				GCC_WARN_ABOUT_RETURN_TYPE = YES_ERROR;
				GCC_WARN_UNDECLARED_SELECTOR = YES;
				GCC_WARN_UNINITIALIZED_AUTOS = YES_AGGRESSIVE;
				GCC_WARN_UNUSED_FUNCTION = YES;
				GCC_WARN_UNUSED_VARIABLE = YES;
				IPHONEOS_DEPLOYMENT_TARGET = 15.5;
				MTL_ENABLE_DEBUG_INFO = NO;
				MTL_FAST_MATH = YES;
				SDKROOT = iphoneos;
				SWIFT_COMPILATION_MODE = wholemodule;
				SWIFT_OPTIMIZATION_LEVEL = "-O";
				VALIDATE_PRODUCT = YES;
			};
			name = Release;
		};
		275391E6297BC58F00DA7A45 /* Debug */ = {
			isa = XCBuildConfiguration;
			baseConfigurationReference = 5480B2D1934E8F20EAFC175F /* Pods-Movies.debug.xcconfig */;
			buildSettings = {
				ASSETCATALOG_COMPILER_APPICON_NAME = AppIcon;
				ASSETCATALOG_COMPILER_GLOBAL_ACCENT_COLOR_NAME = AccentColor;
				CODE_SIGN_STYLE = Automatic;
				CURRENT_PROJECT_VERSION = 1;
				DEVELOPMENT_TEAM = BTP3P5U2W5;
				GENERATE_INFOPLIST_FILE = YES;
				INFOPLIST_FILE = Movies/Info.plist;
				INFOPLIST_KEY_UIApplicationSupportsIndirectInputEvents = YES;
				INFOPLIST_KEY_UILaunchStoryboardName = LaunchScreen;
				INFOPLIST_KEY_UIMainStoryboardFile = Main;
				INFOPLIST_KEY_UISupportedInterfaceOrientations_iPad = "UIInterfaceOrientationPortrait UIInterfaceOrientationPortraitUpsideDown UIInterfaceOrientationLandscapeLeft UIInterfaceOrientationLandscapeRight";
				INFOPLIST_KEY_UISupportedInterfaceOrientations_iPhone = "UIInterfaceOrientationPortrait UIInterfaceOrientationLandscapeLeft UIInterfaceOrientationLandscapeRight";
				LD_RUNPATH_SEARCH_PATHS = (
					"$(inherited)",
					"@executable_path/Frameworks",
				);
				MARKETING_VERSION = 1.0;
				PRODUCT_BUNDLE_IDENTIFIER = com.miftah.Movies;
				PRODUCT_NAME = "$(TARGET_NAME)";
				SWIFT_EMIT_LOC_STRINGS = YES;
				SWIFT_VERSION = 5.0;
				TARGETED_DEVICE_FAMILY = "1,2";
			};
			name = Debug;
		};
		275391E7297BC58F00DA7A45 /* Release */ = {
			isa = XCBuildConfiguration;
			baseConfigurationReference = 750DA7233F319C4A04518C29 /* Pods-Movies.release.xcconfig */;
			buildSettings = {
				ASSETCATALOG_COMPILER_APPICON_NAME = AppIcon;
				ASSETCATALOG_COMPILER_GLOBAL_ACCENT_COLOR_NAME = AccentColor;
				CODE_SIGN_STYLE = Automatic;
				CURRENT_PROJECT_VERSION = 1;
				DEVELOPMENT_TEAM = BTP3P5U2W5;
				GENERATE_INFOPLIST_FILE = YES;
				INFOPLIST_FILE = Movies/Info.plist;
				INFOPLIST_KEY_UIApplicationSupportsIndirectInputEvents = YES;
				INFOPLIST_KEY_UILaunchStoryboardName = LaunchScreen;
				INFOPLIST_KEY_UIMainStoryboardFile = Main;
				INFOPLIST_KEY_UISupportedInterfaceOrientations_iPad = "UIInterfaceOrientationPortrait UIInterfaceOrientationPortraitUpsideDown UIInterfaceOrientationLandscapeLeft UIInterfaceOrientationLandscapeRight";
				INFOPLIST_KEY_UISupportedInterfaceOrientations_iPhone = "UIInterfaceOrientationPortrait UIInterfaceOrientationLandscapeLeft UIInterfaceOrientationLandscapeRight";
				LD_RUNPATH_SEARCH_PATHS = (
					"$(inherited)",
					"@executable_path/Frameworks",
				);
				MARKETING_VERSION = 1.0;
				PRODUCT_BUNDLE_IDENTIFIER = com.miftah.Movies;
				PRODUCT_NAME = "$(TARGET_NAME)";
				SWIFT_EMIT_LOC_STRINGS = YES;
				SWIFT_VERSION = 5.0;
				TARGETED_DEVICE_FAMILY = "1,2";
			};
			name = Release;
		};
		275391E9297BC58F00DA7A45 /* Debug */ = {
			isa = XCBuildConfiguration;
			baseConfigurationReference = 570C1B36ACFAEECBA6433D1A /* Pods-MoviesTests.debug.xcconfig */;
			buildSettings = {
				ALWAYS_EMBED_SWIFT_STANDARD_LIBRARIES = YES;
				BUNDLE_LOADER = "$(TEST_HOST)";
				CODE_SIGN_STYLE = Automatic;
				CURRENT_PROJECT_VERSION = 1;
				DEVELOPMENT_TEAM = BTP3P5U2W5;
				GENERATE_INFOPLIST_FILE = YES;
				IPHONEOS_DEPLOYMENT_TARGET = 15.5;
				MARKETING_VERSION = 1.0;
				PRODUCT_BUNDLE_IDENTIFIER = com.miftah.MoviesTests;
				PRODUCT_NAME = "$(TARGET_NAME)";
				SWIFT_EMIT_LOC_STRINGS = NO;
				SWIFT_VERSION = 5.0;
				TARGETED_DEVICE_FAMILY = "1,2";
				TEST_HOST = "$(BUILT_PRODUCTS_DIR)/Movies.app/Movies";
			};
			name = Debug;
		};
		275391EA297BC58F00DA7A45 /* Release */ = {
			isa = XCBuildConfiguration;
			baseConfigurationReference = C5DB840744F0037EC5B0E368 /* Pods-MoviesTests.release.xcconfig */;
			buildSettings = {
				ALWAYS_EMBED_SWIFT_STANDARD_LIBRARIES = YES;
				BUNDLE_LOADER = "$(TEST_HOST)";
				CODE_SIGN_STYLE = Automatic;
				CURRENT_PROJECT_VERSION = 1;
				DEVELOPMENT_TEAM = BTP3P5U2W5;
				GENERATE_INFOPLIST_FILE = YES;
				IPHONEOS_DEPLOYMENT_TARGET = 15.5;
				MARKETING_VERSION = 1.0;
				PRODUCT_BUNDLE_IDENTIFIER = com.miftah.MoviesTests;
				PRODUCT_NAME = "$(TARGET_NAME)";
				SWIFT_EMIT_LOC_STRINGS = NO;
				SWIFT_VERSION = 5.0;
				TARGETED_DEVICE_FAMILY = "1,2";
				TEST_HOST = "$(BUILT_PRODUCTS_DIR)/Movies.app/Movies";
			};
			name = Release;
		};
		275391EC297BC58F00DA7A45 /* Debug */ = {
			isa = XCBuildConfiguration;
			baseConfigurationReference = 49C541CC3D79AA9DD8778667 /* Pods-Movies-MoviesUITests.debug.xcconfig */;
			buildSettings = {
				ALWAYS_EMBED_SWIFT_STANDARD_LIBRARIES = YES;
				CODE_SIGN_STYLE = Automatic;
				CURRENT_PROJECT_VERSION = 1;
				DEVELOPMENT_TEAM = BTP3P5U2W5;
				GENERATE_INFOPLIST_FILE = YES;
				MARKETING_VERSION = 1.0;
				PRODUCT_BUNDLE_IDENTIFIER = com.miftah.MoviesUITests;
				PRODUCT_NAME = "$(TARGET_NAME)";
				SWIFT_EMIT_LOC_STRINGS = NO;
				SWIFT_VERSION = 5.0;
				TARGETED_DEVICE_FAMILY = "1,2";
				TEST_TARGET_NAME = Movies;
			};
			name = Debug;
		};
		275391ED297BC58F00DA7A45 /* Release */ = {
			isa = XCBuildConfiguration;
			baseConfigurationReference = 8B6ED5489C99C5CF5A6F4FE8 /* Pods-Movies-MoviesUITests.release.xcconfig */;
			buildSettings = {
				ALWAYS_EMBED_SWIFT_STANDARD_LIBRARIES = YES;
				CODE_SIGN_STYLE = Automatic;
				CURRENT_PROJECT_VERSION = 1;
				DEVELOPMENT_TEAM = BTP3P5U2W5;
				GENERATE_INFOPLIST_FILE = YES;
				MARKETING_VERSION = 1.0;
				PRODUCT_BUNDLE_IDENTIFIER = com.miftah.MoviesUITests;
				PRODUCT_NAME = "$(TARGET_NAME)";
				SWIFT_EMIT_LOC_STRINGS = NO;
				SWIFT_VERSION = 5.0;
				TARGETED_DEVICE_FAMILY = "1,2";
				TEST_TARGET_NAME = Movies;
			};
			name = Release;
		};
/* End XCBuildConfiguration section */

/* Begin XCConfigurationList section */
		275391B6297BC58D00DA7A45 /* Build configuration list for PBXProject "Movies" */ = {
			isa = XCConfigurationList;
			buildConfigurations = (
				275391E3297BC58F00DA7A45 /* Debug */,
				275391E4297BC58F00DA7A45 /* Release */,
			);
			defaultConfigurationIsVisible = 0;
			defaultConfigurationName = Release;
		};
		275391E5297BC58F00DA7A45 /* Build configuration list for PBXNativeTarget "Movies" */ = {
			isa = XCConfigurationList;
			buildConfigurations = (
				275391E6297BC58F00DA7A45 /* Debug */,
				275391E7297BC58F00DA7A45 /* Release */,
			);
			defaultConfigurationIsVisible = 0;
			defaultConfigurationName = Release;
		};
		275391E8297BC58F00DA7A45 /* Build configuration list for PBXNativeTarget "MoviesTests" */ = {
			isa = XCConfigurationList;
			buildConfigurations = (
				275391E9297BC58F00DA7A45 /* Debug */,
				275391EA297BC58F00DA7A45 /* Release */,
			);
			defaultConfigurationIsVisible = 0;
			defaultConfigurationName = Release;
		};
		275391EB297BC58F00DA7A45 /* Build configuration list for PBXNativeTarget "MoviesUITests" */ = {
			isa = XCConfigurationList;
			buildConfigurations = (
				275391EC297BC58F00DA7A45 /* Debug */,
				275391ED297BC58F00DA7A45 /* Release */,
			);
			defaultConfigurationIsVisible = 0;
			defaultConfigurationName = Release;
		};
/* End XCConfigurationList section */
	};
	rootObject = 275391B3297BC58D00DA7A45 /* Project object */;
}
